{"relative_scss_path": "scss/components/advertising-block-v1/component.scss", "relative_js_path": "js/advertising-block-v1/", "html_path": "/home/popov/ac_kursk_site/mainapp/templates/mainapp/components/advertising-block-v1/component.html", "code": "advertising-block-v1", "component_type": "advertising_block", "relative_html_path": "mainapp/components/advertising-block-v1/component.html", "js_path": "", "title": "advertising-block-v1", "scss_path": "/home/popov/ac_kursk_site/assets/scss/components/advertising-block-v1/component.scss"}