{"scss_path": "/home/popov/ac_gaczsr_site/assets/scss/components/inner-head-v3/component.scss", "relative_scss_path": "scss/components/inner-head-v3/component.scss", "component_type": "inner_head", "js_path": "", "relative_js_path": "js/inner-head-v3/", "relative_html_path": "mainapp/components/inner-head-v3/component.html", "html_path": "/home/popov/ac_gaczsr_site/mainapp/templates/mainapp/components/inner-head-v3/component.html", "code": "inner-head-v3", "title": "inner-head-v3"}