{"scss_path": "/home/popov/ac_template_site/assets/scss/components/top-addr-line-v1/component.scss", "title": "top-addr-line-v1", "component_type": "top-addr-line", "js_path": "/home/popov/ac_template_site/static/js/top-addr-line-v1/component.js", "relative_js_path": "js/top-addr-line-v1/component.js", "relative_scss_path": "scss/components/top-addr-line-v1/component.scss", "relative_html_path": "mainapp/components/top-addr-line-v1/component.html", "html_path": "/home/popov/ac_template_site/mainapp/templates/mainapp/components/top-addr-line-v1/component.html", "code": "top-addr-line-v1"}