{"js_path": "", "title": "attestat-carousel-v1", "relative_scss_path": "scss/components/attestat-carousel-v1/component.scss", "component_type": "helper_block", "html_path": "/home/popov/ac_template_site/mainapp/templates/mainapp/components/attestat-carousel-v1/component.html", "code": "attestat-carousel-v1", "relative_html_path": "mainapp/components/attestat-carousel-v1/component.html", "relative_js_path": "js/attestat-carousel-v1/", "scss_path": "/home/popov/ac_template_site/assets/scss/components/attestat-carousel-v1/component.scss"}