{"title": "news-block-v1", "relative_scss_path": "scss/components/news-block-v1/component.scss", "js_path": "", "html_path": "/home/popov/ac_template_site/mainapp/templates/mainapp/components/news-block-v1/component.html", "scss_path": "/home/popov/ac_template_site/assets/scss/components/news-block-v1/component.scss", "relative_html_path": "mainapp/components/news-block-v1/component.html", "relative_js_path": "js/news-block-v1/", "component_type": "helper_block", "code": "news-block-v1"}