{"relative_js_path": "js/news-block-v1/", "scss_path": "/home/popov/ac_mac_site/assets/scss/components/news-block-v1/component.scss", "relative_html_path": "mainapp/components/news-block-v1/component.html", "code": "news-block-v1", "js_path": "", "html_path": "/home/popov/ac_mac_site/mainapp/templates/mainapp/components/news-block-v1/component.html", "title": "news-block-v1", "component_type": "helper_block", "relative_scss_path": "scss/components/news-block-v1/component.scss"}