{"relative_scss_path": "scss/components/main-page-slider-v3/component.scss", "relative_js_path": "js/main-page-slider-v3/", "html_path": "/home/popov/ac_kursk_site/mainapp/templates/mainapp/components/main-page-slider-v3/component.html", "relative_html_path": "mainapp/components/main-page-slider-v3/component.html", "component_type": "main_banner", "code": "main-page-slider-v3", "js_path": "", "title": "main-page-slider-v3", "scss_path": "/home/popov/ac_kursk_site/assets/scss/components/main-page-slider-v3/component.scss"}