{"scss_path": "/home/popov/ac_kursk_site/assets/scss/components/top-addr-line-v2/component.scss", "relative_js_path": "js/top-addr-line-v2/", "html_path": "/home/popov/ac_kursk_site/mainapp/templates/mainapp/components/top-addr-line-v2/component.html", "code": "top-addr-line-v2", "component_type": "top-addr-line", "relative_html_path": "mainapp/components/top-addr-line-v2/component.html", "js_path": "", "relative_scss_path": "scss/components/top-addr-line-v2/component.scss", "title": "top-addr-line-v2"}