{"relative_js_path": "js/top-addr-line-v2/", "scss_path": "/home/popov/ac_template_site/assets/scss/components/top-addr-line-v2/component.scss", "relative_html_path": "mainapp/components/top-addr-line-v2/component.html", "code": "top-addr-line-v2", "js_path": "", "html_path": "/home/popov/ac_template_site/mainapp/templates/mainapp/components/top-addr-line-v2/component.html", "title": "top-addr-line-v2", "component_type": "top-addr-line", "relative_scss_path": "scss/components/top-addr-line-v2/component.scss"}