{"scss_path": "/home/popov/ac_gaczsr_site/assets/scss/components/helper-block-v1/component.scss", "relative_scss_path": "scss/components/helper-block-v1/component.scss", "title": "helper-block-v1", "relative_js_path": "js/helper-block-v1/", "js_path": "", "code": "helper-block-v1", "relative_html_path": "mainapp/components/helper-block-v1/component.html", "html_path": "/home/popov/ac_gaczsr_site/mainapp/templates/mainapp/components/helper-block-v1/component.html", "component_type": "helper_block"}