{"relative_js_path": "js/inner-head-v2/", "scss_path": "/home/popov/ac_mac_site/assets/scss/components/inner-head-v2/component.scss", "relative_html_path": "mainapp/components/inner-head-v2/component.html", "code": "inner-head-v2", "js_path": "", "component_type": "inner_head", "title": "inner-head-v2", "html_path": "/home/popov/ac_mac_site/mainapp/templates/mainapp/components/inner-head-v2/component.html", "relative_scss_path": "scss/components/inner-head-v2/component.scss"}