{"html_path": "/home/popov/ac_template_site/mainapp/templates/mainapp/components/inner-head-v2/component.html", "component_type": "inner_head", "scss_path": "/home/popov/ac_template_site/assets/scss/components/inner-head-v2/component.scss", "relative_html_path": "mainapp/components/inner-head-v2/component.html", "js_path": "", "code": "inner-head-v2", "relative_scss_path": "scss/components/inner-head-v2/component.scss", "title": "inner-head-v2", "relative_js_path": "js/inner-head-v2/"}