{"title": "inner-head-v2", "relative_js_path": "js/inner-head-v2/", "html_path": "/home/popov/ac_kursk_site/mainapp/templates/mainapp/components/inner-head-v2/component.html", "code": "inner-head-v2", "component_type": "inner_head", "relative_html_path": "mainapp/components/inner-head-v2/component.html", "js_path": "", "scss_path": "/home/popov/ac_kursk_site/assets/scss/components/inner-head-v2/component.scss", "relative_scss_path": "scss/components/inner-head-v2/component.scss"}