{"relative_js_path": "js/main-page-slider-v2/", "scss_path": "/home/popov/ac_template_site/assets/scss/components/main-page-slider-v2/component.scss", "relative_html_path": "mainapp/components/main-page-slider-v2/component.html", "code": "main-page-slider-v2", "js_path": "", "component_type": "main_banner", "title": "main-page-slider-v2", "html_path": "/home/popov/ac_template_site/mainapp/templates/mainapp/components/main-page-slider-v2/component.html", "relative_scss_path": "scss/components/main-page-slider-v2/component.scss"}