{"relative_js_path": "js/our-staff-v1/", "scss_path": "/home/popov/ac_template_site/assets/scss/components/our-staff-v1/component.scss", "relative_html_path": "mainapp/components/our-staff-v1/component.html", "code": "our-staff-v1", "js_path": "", "html_path": "/home/popov/ac_template_site/mainapp/templates/mainapp/components/our-staff-v1/component.html", "title": "our-staff-v1", "component_type": "helper_block", "relative_scss_path": "scss/components/our-staff-v1/component.scss"}