{"scss_path": "/home/popov/ac_gaczsr_site/assets/scss/components/main-page-content-v4/component.scss", "relative_scss_path": "scss/components/main-page-content-v4/component.scss", "component_type": "main_page_content", "js_path": "", "relative_js_path": "js/main-page-content-v4/", "relative_html_path": "mainapp/components/main-page-content-v4/component.html", "title": "main-page-content-v4", "code": "main-page-content-v4", "html_path": "/home/popov/ac_gaczsr_site/mainapp/templates/mainapp/components/main-page-content-v4/component.html"}