{"title": "contact_page_reverted", "scss_path": "", "code": "contact_page_reverted", "js_path": "", "relative_scss_path": "scss/components/contact_page_reverted/", "relative_js_path": "js/contact_page_reverted/", "component_type": "contact_page", "relative_html_path": "mainapp/components/contact_page_reverted/component.html", "html_path": "/home/popov/ac_template_site/mainapp/templates/mainapp/components/contact_page_reverted/component.html"}