{"relative_js_path": "js/main-menu-v3/", "scss_path": "/home/popov/ac_mac_site/assets/scss/components/main-menu-v3/component.scss", "relative_html_path": "mainapp/components/main-menu-v3/component.html", "code": "main-menu-v3", "js_path": "", "component_type": "main_menu", "title": "main-menu-v3", "html_path": "/home/popov/ac_mac_site/mainapp/templates/mainapp/components/main-menu-v3/component.html", "relative_scss_path": "scss/components/main-menu-v3/component.scss"}